
Microsoft Visual Studio Solution File, Format Version 12.00
# Visual Studio Version 16
VisualStudioVersion = 16.0.29326.143
MinimumVisualStudioVersion = 10.0.40219.1
Project("{FAE04EC0-301F-11D3-BF4B-00C04F79EFBC}") = "Adams-Method", "Adams-Method\Adams-Method.csproj", "{8DAC1009-CC62-4F15-8094-F6CD83EAB93D}"
EndProject
Global
	GlobalSection(SolutionConfigurationPlatforms) = preSolution
		Debug|Any CPU = Debug|Any CPU
		Release|Any CPU = Release|Any CPU
	EndGlobalSection
	GlobalSection(ProjectConfigurationPlatforms) = postSolution
		{8DAC1009-CC62-4F15-8094-F6CD83EAB93D}.Debug|Any CPU.ActiveCfg = Debug|Any CPU
		{8DAC1009-CC62-4F15-8094-F6CD83EAB93D}.Debug|Any CPU.Build.0 = Debug|Any CPU
		{8DAC1009-CC62-4F15-8094-F6CD83EAB93D}.Release|Any CPU.ActiveCfg = Release|Any CPU
		{8DAC1009-CC62-4F15-8094-F6CD83EAB93D}.Release|Any CPU.Build.0 = Release|Any CPU
	EndGlobalSection
	GlobalSection(SolutionProperties) = preSolution
		HideSolutionNode = FALSE
	EndGlobalSection
	GlobalSection(ExtensibilityGlobals) = postSolution
		SolutionGuid = {7CC03065-5C9B-4893-9AE3-648EB2CC3668}
	EndGlobalSection
EndGlobal
